// !$*UTF8*$!
{
	archiveVersion = 1;
	classes = {
	};
	objectVersion = 56;
	objects = {

/* Begin PBXBuildFile section */
		9632E36129AE1C50007E415F /* FruitCardView.swift in Sources */ = {isa = PBXBuildFile; fileRef = 9632E36029AE1C50007E415F /* FruitCardView.swift */; };
		9632E36329AE214E007E415F /* StartButton.swift in Sources */ = {isa = PBXBuildFile; fileRef = 9632E36229AE214E007E415F /* StartButton.swift */; };
		9632E36529AE25E5007E415F /* OnboardingView.swift in Sources */ = {isa = PBXBuildFile; fileRef = 9632E36429AE25E5007E415F /* OnboardingView.swift */; };
		9632E36829AE27DF007E415F /* FruitModel.swift in Sources */ = {isa = PBXBuildFile; fileRef = 9632E36729AE27DF007E415F /* FruitModel.swift */; };
		9632E36B29AE2912007E415F /* FruitData.swift in Sources */ = {isa = PBXBuildFile; fileRef = 9632E36A29AE2912007E415F /* FruitData.swift */; };
		96946DC529A8EDB500C09FEB /* FruitsSUIApp.swift in Sources */ = {isa = PBXBuildFile; fileRef = 96946DC429A8EDB500C09FEB /* FruitsSUIApp.swift */; };
		96946DC729A8EDB500C09FEB /* ContentView.swift in Sources */ = {isa = PBXBuildFile; fileRef = 96946DC629A8EDB500C09FEB /* ContentView.swift */; };
		96946DC929A8EDB800C09FEB /* Assets.xcassets in Resources */ = {isa = PBXBuildFile; fileRef = 96946DC829A8EDB800C09FEB /* Assets.xcassets */; };
		96946DCD29A8EDB800C09FEB /* Preview Assets.xcassets in Resources */ = {isa = PBXBuildFile; fileRef = 96946DCC29A8EDB800C09FEB /* Preview Assets.xcassets */; };
		9698508F29B0C339008A18A3 /* FruitRowView.swift in Sources */ = {isa = PBXBuildFile; fileRef = 9698508E29B0C339008A18A3 /* FruitRowView.swift */; };
		9698509129B0C880008A18A3 /* FruitDetailView.swift in Sources */ = {isa = PBXBuildFile; fileRef = 9698509029B0C880008A18A3 /* FruitDetailView.swift */; };
		9698509329B0CCDE008A18A3 /* FruitHeaderView.swift in Sources */ = {isa = PBXBuildFile; fileRef = 9698509229B0CCDE008A18A3 /* FruitHeaderView.swift */; };
		9698509529B0D116008A18A3 /* SourceLinkView.swift in Sources */ = {isa = PBXBuildFile; fileRef = 9698509429B0D116008A18A3 /* SourceLinkView.swift */; };
		9698509729B0D321008A18A3 /* FruitNutrientsView.swift in Sources */ = {isa = PBXBuildFile; fileRef = 9698509629B0D321008A18A3 /* FruitNutrientsView.swift */; };
		9698509929B0DA54008A18A3 /* SettingsView.swift in Sources */ = {isa = PBXBuildFile; fileRef = 9698509829B0DA54008A18A3 /* SettingsView.swift */; };
		9698509B29B0DE47008A18A3 /* SettingsLabelView.swift in Sources */ = {isa = PBXBuildFile; fileRef = 9698509A29B0DE47008A18A3 /* SettingsLabelView.swift */; };
/* End PBXBuildFile section */

/* Begin PBXFileReference section */
		9632E36029AE1C50007E415F /* FruitCardView.swift */ = {isa = PBXFileReference; lastKnownFileType = sourcecode.swift; path = FruitCardView.swift; sourceTree = "<group>"; };
		9632E36229AE214E007E415F /* StartButton.swift */ = {isa = PBXFileReference; lastKnownFileType = sourcecode.swift; path = StartButton.swift; sourceTree = "<group>"; };
		9632E36429AE25E5007E415F /* OnboardingView.swift */ = {isa = PBXFileReference; lastKnownFileType = sourcecode.swift; path = OnboardingView.swift; sourceTree = "<group>"; };
		9632E36729AE27DF007E415F /* FruitModel.swift */ = {isa = PBXFileReference; lastKnownFileType = sourcecode.swift; path = FruitModel.swift; sourceTree = "<group>"; };
		9632E36A29AE2912007E415F /* FruitData.swift */ = {isa = PBXFileReference; lastKnownFileType = sourcecode.swift; path = FruitData.swift; sourceTree = "<group>"; };
		96946DC129A8EDB500C09FEB /* FruitsSUI.app */ = {isa = PBXFileReference; explicitFileType = wrapper.application; includeInIndex = 0; path = FruitsSUI.app; sourceTree = BUILT_PRODUCTS_DIR; };
		96946DC429A8EDB500C09FEB /* FruitsSUIApp.swift */ = {isa = PBXFileReference; lastKnownFileType = sourcecode.swift; path = FruitsSUIApp.swift; sourceTree = "<group>"; };
		96946DC629A8EDB500C09FEB /* ContentView.swift */ = {isa = PBXFileReference; lastKnownFileType = sourcecode.swift; path = ContentView.swift; sourceTree = "<group>"; };
		96946DC829A8EDB800C09FEB /* Assets.xcassets */ = {isa = PBXFileReference; lastKnownFileType = folder.assetcatalog; path = Assets.xcassets; sourceTree = "<group>"; };
		96946DCA29A8EDB800C09FEB /* FruitsSUI.entitlements */ = {isa = PBXFileReference; lastKnownFileType = text.plist.entitlements; path = FruitsSUI.entitlements; sourceTree = "<group>"; };
		96946DCC29A8EDB800C09FEB /* Preview Assets.xcassets */ = {isa = PBXFileReference; lastKnownFileType = folder.assetcatalog; path = "Preview Assets.xcassets"; sourceTree = "<group>"; };
		9698508E29B0C339008A18A3 /* FruitRowView.swift */ = {isa = PBXFileReference; lastKnownFileType = sourcecode.swift; path = FruitRowView.swift; sourceTree = "<group>"; };
		9698509029B0C880008A18A3 /* FruitDetailView.swift */ = {isa = PBXFileReference; lastKnownFileType = sourcecode.swift; path = FruitDetailView.swift; sourceTree = "<group>"; };
		9698509229B0CCDE008A18A3 /* FruitHeaderView.swift */ = {isa = PBXFileReference; lastKnownFileType = sourcecode.swift; path = FruitHeaderView.swift; sourceTree = "<group>"; };
		9698509429B0D116008A18A3 /* SourceLinkView.swift */ = {isa = PBXFileReference; lastKnownFileType = sourcecode.swift; path = SourceLinkView.swift; sourceTree = "<group>"; };
		9698509629B0D321008A18A3 /* FruitNutrientsView.swift */ = {isa = PBXFileReference; lastKnownFileType = sourcecode.swift; path = FruitNutrientsView.swift; sourceTree = "<group>"; };
		9698509829B0DA54008A18A3 /* SettingsView.swift */ = {isa = PBXFileReference; lastKnownFileType = sourcecode.swift; path = SettingsView.swift; sourceTree = "<group>"; };
		9698509A29B0DE47008A18A3 /* SettingsLabelView.swift */ = {isa = PBXFileReference; lastKnownFileType = sourcecode.swift; path = SettingsLabelView.swift; sourceTree = "<group>"; };
/* End PBXFileReference section */

/* Begin PBXFrameworksBuildPhase section */
		96946DBE29A8EDB500C09FEB /* Frameworks */ = {
			isa = PBXFrameworksBuildPhase;
			buildActionMask = 2147483647;
			files = (
			);
			runOnlyForDeploymentPostprocessing = 0;
		};
/* End PBXFrameworksBuildPhase section */

/* Begin PBXGroup section */
		9632E35E29AE1BE1007E415F /* App */ = {
			isa = PBXGroup;
			children = (
				96946DC629A8EDB500C09FEB /* ContentView.swift */,
				96946DC429A8EDB500C09FEB /* FruitsSUIApp.swift */,
				9632E36429AE25E5007E415F /* OnboardingView.swift */,
				9698509029B0C880008A18A3 /* FruitDetailView.swift */,
				9698509829B0DA54008A18A3 /* SettingsView.swift */,
			);
			path = App;
			sourceTree = "<group>";
		};
		9632E35F29AE1C06007E415F /* View */ = {
			isa = PBXGroup;
			children = (
				9632E36029AE1C50007E415F /* FruitCardView.swift */,
				9632E36229AE214E007E415F /* StartButton.swift */,
				9698508E29B0C339008A18A3 /* FruitRowView.swift */,
				9698509229B0CCDE008A18A3 /* FruitHeaderView.swift */,
				9698509429B0D116008A18A3 /* SourceLinkView.swift */,
				9698509629B0D321008A18A3 /* FruitNutrientsView.swift */,
				9698509A29B0DE47008A18A3 /* SettingsLabelView.swift */,
			);
			path = View;
			sourceTree = "<group>";
		};
		9632E36629AE27A6007E415F /* Model */ = {
			isa = PBXGroup;
			children = (
				9632E36729AE27DF007E415F /* FruitModel.swift */,
			);
			path = Model;
			sourceTree = "<group>";
		};
		9632E36929AE2901007E415F /* Data */ = {
			isa = PBXGroup;
			children = (
				9632E36A29AE2912007E415F /* FruitData.swift */,
			);
			path = Data;
			sourceTree = "<group>";
		};
		96946DB829A8EDB500C09FEB = {
			isa = PBXGroup;
			children = (
				96946DC329A8EDB500C09FEB /* FruitsSUI */,
				96946DC229A8EDB500C09FEB /* Products */,
			);
			sourceTree = "<group>";
		};
		96946DC229A8EDB500C09FEB /* Products */ = {
			isa = PBXGroup;
			children = (
				96946DC129A8EDB500C09FEB /* FruitsSUI.app */,
			);
			name = Products;
			sourceTree = "<group>";
		};
		96946DC329A8EDB500C09FEB /* FruitsSUI */ = {
			isa = PBXGroup;
			children = (
				9632E36929AE2901007E415F /* Data */,
				9632E36629AE27A6007E415F /* Model */,
				9632E35F29AE1C06007E415F /* View */,
				9632E35E29AE1BE1007E415F /* App */,
				96946DC829A8EDB800C09FEB /* Assets.xcassets */,
				96946DCA29A8EDB800C09FEB /* FruitsSUI.entitlements */,
				96946DCB29A8EDB800C09FEB /* Preview Content */,
			);
			path = FruitsSUI;
			sourceTree = "<group>";
		};
		96946DCB29A8EDB800C09FEB /* Preview Content */ = {
			isa = PBXGroup;
			children = (
				96946DCC29A8EDB800C09FEB /* Preview Assets.xcassets */,
			);
			path = "Preview Content";
			sourceTree = "<group>";
		};
/* End PBXGroup section */

/* Begin PBXNativeTarget section */
		96946DC029A8EDB500C09FEB /* FruitsSUI */ = {
			isa = PBXNativeTarget;
			buildConfigurationList = 96946DD029A8EDB800C09FEB /* Build configuration list for PBXNativeTarget "FruitsSUI" */;
			buildPhases = (
				96946DBD29A8EDB500C09FEB /* Sources */,
				96946DBE29A8EDB500C09FEB /* Frameworks */,
				96946DBF29A8EDB500C09FEB /* Resources */,
			);
			buildRules = (
			);
			dependencies = (
			);
			name = FruitsSUI;
			productName = FruitsSUI;
			productReference = 96946DC129A8EDB500C09FEB /* FruitsSUI.app */;
			productType = "com.apple.product-type.application";
		};
/* End PBXNativeTarget section */

/* Begin PBXProject section */
		96946DB929A8EDB500C09FEB /* Project object */ = {
			isa = PBXProject;
			attributes = {
				BuildIndependentTargetsInParallel = 1;
				LastSwiftUpdateCheck = 1420;
				LastUpgradeCheck = 1420;
				TargetAttributes = {
					96946DC029A8EDB500C09FEB = {
						CreatedOnToolsVersion = 14.2;
					};
				};
			};
			buildConfigurationList = 96946DBC29A8EDB500C09FEB /* Build configuration list for PBXProject "FruitsSUI" */;
			compatibilityVersion = "Xcode 14.0";
			developmentRegion = en;
			hasScannedForEncodings = 0;
			knownRegions = (
				en,
				Base,
			);
			mainGroup = 96946DB829A8EDB500C09FEB;
			productRefGroup = 96946DC229A8EDB500C09FEB /* Products */;
			projectDirPath = "";
			projectRoot = "";
			targets = (
				96946DC029A8EDB500C09FEB /* FruitsSUI */,
			);
		};
/* End PBXProject section */

/* Begin PBXResourcesBuildPhase section */
		96946DBF29A8EDB500C09FEB /* Resources */ = {
			isa = PBXResourcesBuildPhase;
			buildActionMask = 2147483647;
			files = (
				96946DCD29A8EDB800C09FEB /* Preview Assets.xcassets in Resources */,
				96946DC929A8EDB800C09FEB /* Assets.xcassets in Resources */,
			);
			runOnlyForDeploymentPostprocessing = 0;
		};
/* End PBXResourcesBuildPhase section */

/* Begin PBXSourcesBuildPhase section */
		96946DBD29A8EDB500C09FEB /* Sources */ = {
			isa = PBXSourcesBuildPhase;
			buildActionMask = 2147483647;
			files = (
				9632E36B29AE2912007E415F /* FruitData.swift in Sources */,
				9698509529B0D116008A18A3 /* SourceLinkView.swift in Sources */,
				9632E36129AE1C50007E415F /* FruitCardView.swift in Sources */,
				96946DC729A8EDB500C09FEB /* ContentView.swift in Sources */,
				9698509729B0D321008A18A3 /* FruitNutrientsView.swift in Sources */,
				9698508F29B0C339008A18A3 /* FruitRowView.swift in Sources */,
				9698509129B0C880008A18A3 /* FruitDetailView.swift in Sources */,
				9632E36329AE214E007E415F /* StartButton.swift in Sources */,
				9698509329B0CCDE008A18A3 /* FruitHeaderView.swift in Sources */,
				9632E36529AE25E5007E415F /* OnboardingView.swift in Sources */,
				9698509B29B0DE47008A18A3 /* SettingsLabelView.swift in Sources */,
				9632E36829AE27DF007E415F /* FruitModel.swift in Sources */,
				96946DC529A8EDB500C09FEB /* FruitsSUIApp.swift in Sources */,
				9698509929B0DA54008A18A3 /* SettingsView.swift in Sources */,
			);
			runOnlyForDeploymentPostprocessing = 0;
		};
/* End PBXSourcesBuildPhase section */

/* Begin XCBuildConfiguration section */
		96946DCE29A8EDB800C09FEB /* Debug */ = {
			isa = XCBuildConfiguration;
			buildSettings = {
				ALWAYS_SEARCH_USER_PATHS = NO;
				CLANG_ANALYZER_NONNULL = YES;
				CLANG_ANALYZER_NUMBER_OBJECT_CONVERSION = YES_AGGRESSIVE;
				CLANG_CXX_LANGUAGE_STANDARD = "gnu++20";
				CLANG_ENABLE_MODULES = YES;
				CLANG_ENABLE_OBJC_ARC = YES;
				CLANG_ENABLE_OBJC_WEAK = YES;
				CLANG_WARN_BLOCK_CAPTURE_AUTORELEASING = YES;
				CLANG_WARN_BOOL_CONVERSION = YES;
				CLANG_WARN_COMMA = YES;
				CLANG_WARN_CONSTANT_CONVERSION = YES;
				CLANG_WARN_DEPRECATED_OBJC_IMPLEMENTATIONS = YES;
				CLANG_WARN_DIRECT_OBJC_ISA_USAGE = YES_ERROR;
				CLANG_WARN_DOCUMENTATION_COMMENTS = YES;
				CLANG_WARN_EMPTY_BODY = YES;
				CLANG_WARN_ENUM_CONVERSION = YES;
				CLANG_WARN_INFINITE_RECURSION = YES;
				CLANG_WARN_INT_CONVERSION = YES;
				CLANG_WARN_NON_LITERAL_NULL_CONVERSION = YES;
				CLANG_WARN_OBJC_IMPLICIT_RETAIN_SELF = YES;
				CLANG_WARN_OBJC_LITERAL_CONVERSION = YES;
				CLANG_WARN_OBJC_ROOT_CLASS = YES_ERROR;
				CLANG_WARN_QUOTED_INCLUDE_IN_FRAMEWORK_HEADER = YES;
				CLANG_WARN_RANGE_LOOP_ANALYSIS = YES;
				CLANG_WARN_STRICT_PROTOTYPES = YES;
				CLANG_WARN_SUSPICIOUS_MOVE = YES;
				CLANG_WARN_UNGUARDED_AVAILABILITY = YES_AGGRESSIVE;
				CLANG_WARN_UNREACHABLE_CODE = YES;
				CLANG_WARN__DUPLICATE_METHOD_MATCH = YES;
				COPY_PHASE_STRIP = NO;
				DEBUG_INFORMATION_FORMAT = dwarf;
				ENABLE_STRICT_OBJC_MSGSEND = YES;
				ENABLE_TESTABILITY = YES;
				GCC_C_LANGUAGE_STANDARD = gnu11;
				GCC_DYNAMIC_NO_PIC = NO;
				GCC_NO_COMMON_BLOCKS = YES;
				GCC_OPTIMIZATION_LEVEL = 0;
				GCC_PREPROCESSOR_DEFINITIONS = (
					"DEBUG=1",
					"$(inherited)",
				);
				GCC_WARN_64_TO_32_BIT_CONVERSION = YES;
				GCC_WARN_ABOUT_RETURN_TYPE = YES_ERROR;
				GCC_WARN_UNDECLARED_SELECTOR = YES;
				GCC_WARN_UNINITIALIZED_AUTOS = YES_AGGRESSIVE;
				GCC_WARN_UNUSED_FUNCTION = YES;
				GCC_WARN_UNUSED_VARIABLE = YES;
				MTL_ENABLE_DEBUG_INFO = INCLUDE_SOURCE;
				MTL_FAST_MATH = YES;
				ONLY_ACTIVE_ARCH = YES;
				SWIFT_ACTIVE_COMPILATION_CONDITIONS = DEBUG;
				SWIFT_OPTIMIZATION_LEVEL = "-Onone";
			};
			name = Debug;
		};
		96946DCF29A8EDB800C09FEB /* Release */ = {
			isa = XCBuildConfiguration;
			buildSettings = {
				ALWAYS_SEARCH_USER_PATHS = NO;
				CLANG_ANALYZER_NONNULL = YES;
				CLANG_ANALYZER_NUMBER_OBJECT_CONVERSION = YES_AGGRESSIVE;
				CLANG_CXX_LANGUAGE_STANDARD = "gnu++20";
				CLANG_ENABLE_MODULES = YES;
				CLANG_ENABLE_OBJC_ARC = YES;
				CLANG_ENABLE_OBJC_WEAK = YES;
				CLANG_WARN_BLOCK_CAPTURE_AUTORELEASING = YES;
				CLANG_WARN_BOOL_CONVERSION = YES;
				CLANG_WARN_COMMA = YES;
				CLANG_WARN_CONSTANT_CONVERSION = YES;
				CLANG_WARN_DEPRECATED_OBJC_IMPLEMENTATIONS = YES;
				CLANG_WARN_DIRECT_OBJC_ISA_USAGE = YES_ERROR;
				CLANG_WARN_DOCUMENTATION_COMMENTS = YES;
				CLANG_WARN_EMPTY_BODY = YES;
				CLANG_WARN_ENUM_CONVERSION = YES;
				CLANG_WARN_INFINITE_RECURSION = YES;
				CLANG_WARN_INT_CONVERSION = YES;
				CLANG_WARN_NON_LITERAL_NULL_CONVERSION = YES;
				CLANG_WARN_OBJC_IMPLICIT_RETAIN_SELF = YES;
				CLANG_WARN_OBJC_LITERAL_CONVERSION = YES;
				CLANG_WARN_OBJC_ROOT_CLASS = YES_ERROR;
				CLANG_WARN_QUOTED_INCLUDE_IN_FRAMEWORK_HEADER = YES;
				CLANG_WARN_RANGE_LOOP_ANALYSIS = YES;
				CLANG_WARN_STRICT_PROTOTYPES = YES;
				CLANG_WARN_SUSPICIOUS_MOVE = YES;
				CLANG_WARN_UNGUARDED_AVAILABILITY = YES_AGGRESSIVE;
				CLANG_WARN_UNREACHABLE_CODE = YES;
				CLANG_WARN__DUPLICATE_METHOD_MATCH = YES;
				COPY_PHASE_STRIP = NO;
				DEBUG_INFORMATION_FORMAT = "dwarf-with-dsym";
				ENABLE_NS_ASSERTIONS = NO;
				ENABLE_STRICT_OBJC_MSGSEND = YES;
				GCC_C_LANGUAGE_STANDARD = gnu11;
				GCC_NO_COMMON_BLOCKS = YES;
				GCC_WARN_64_TO_32_BIT_CONVERSION = YES;
				GCC_WARN_ABOUT_RETURN_TYPE = YES_ERROR;
				GCC_WARN_UNDECLARED_SELECTOR = YES;
				GCC_WARN_UNINITIALIZED_AUTOS = YES_AGGRESSIVE;
				GCC_WARN_UNUSED_FUNCTION = YES;
				GCC_WARN_UNUSED_VARIABLE = YES;
				MTL_ENABLE_DEBUG_INFO = NO;
				MTL_FAST_MATH = YES;
				SWIFT_COMPILATION_MODE = wholemodule;
				SWIFT_OPTIMIZATION_LEVEL = "-O";
			};
			name = Release;
		};
		96946DD129A8EDB800C09FEB /* Debug */ = {
			isa = XCBuildConfiguration;
			buildSettings = {
				ASSETCATALOG_COMPILER_APPICON_NAME = AppIcon;
				ASSETCATALOG_COMPILER_GLOBAL_ACCENT_COLOR_NAME = AccentColor;
				CODE_SIGN_ENTITLEMENTS = FruitsSUI/FruitsSUI.entitlements;
				CODE_SIGN_STYLE = Automatic;
				CURRENT_PROJECT_VERSION = 1;
				DEVELOPMENT_ASSET_PATHS = "\"FruitsSUI/Preview Content\"";
				DEVELOPMENT_TEAM = 6KJ237M23W;
				ENABLE_HARDENED_RUNTIME = YES;
				ENABLE_PREVIEWS = YES;
				GENERATE_INFOPLIST_FILE = YES;
				"INFOPLIST_KEY_UIApplicationSceneManifest_Generation[sdk=iphoneos*]" = YES;
				"INFOPLIST_KEY_UIApplicationSceneManifest_Generation[sdk=iphonesimulator*]" = YES;
				"INFOPLIST_KEY_UIApplicationSupportsIndirectInputEvents[sdk=iphoneos*]" = YES;
				"INFOPLIST_KEY_UIApplicationSupportsIndirectInputEvents[sdk=iphonesimulator*]" = YES;
				"INFOPLIST_KEY_UILaunchScreen_Generation[sdk=iphoneos*]" = YES;
				"INFOPLIST_KEY_UILaunchScreen_Generation[sdk=iphonesimulator*]" = YES;
				"INFOPLIST_KEY_UIStatusBarStyle[sdk=iphoneos*]" = UIStatusBarStyleDefault;
				"INFOPLIST_KEY_UIStatusBarStyle[sdk=iphonesimulator*]" = UIStatusBarStyleDefault;
				INFOPLIST_KEY_UISupportedInterfaceOrientations_iPad = "UIInterfaceOrientationPortrait UIInterfaceOrientationPortraitUpsideDown UIInterfaceOrientationLandscapeLeft UIInterfaceOrientationLandscapeRight";
				INFOPLIST_KEY_UISupportedInterfaceOrientations_iPhone = "UIInterfaceOrientationPortrait UIInterfaceOrientationLandscapeLeft UIInterfaceOrientationLandscapeRight";
				IPHONEOS_DEPLOYMENT_TARGET = 16.2;
				LD_RUNPATH_SEARCH_PATHS = "@executable_path/Frameworks";
				"LD_RUNPATH_SEARCH_PATHS[sdk=macosx*]" = "@executable_path/../Frameworks";
				MACOSX_DEPLOYMENT_TARGET = 13.1;
				MARKETING_VERSION = 1.0;
				PRODUCT_BUNDLE_IDENTIFIER = com.besh.pyogi.FruitsSUI;
				PRODUCT_NAME = "$(TARGET_NAME)";
				SDKROOT = auto;
				SUPPORTED_PLATFORMS = "iphoneos iphonesimulator macosx";
				SWIFT_EMIT_LOC_STRINGS = YES;
				SWIFT_VERSION = 5.0;
				TARGETED_DEVICE_FAMILY = "1,2";
			};
			name = Debug;
		};
		96946DD229A8EDB800C09FEB /* Release */ = {
			isa = XCBuildConfiguration;
			buildSettings = {
				ASSETCATALOG_COMPILER_APPICON_NAME = AppIcon;
				ASSETCATALOG_COMPILER_GLOBAL_ACCENT_COLOR_NAME = AccentColor;
				CODE_SIGN_ENTITLEMENTS = FruitsSUI/FruitsSUI.entitlements;
				CODE_SIGN_STYLE = Automatic;
				CURRENT_PROJECT_VERSION = 1;
				DEVELOPMENT_ASSET_PATHS = "\"FruitsSUI/Preview Content\"";
				DEVELOPMENT_TEAM = 6KJ237M23W;
				ENABLE_HARDENED_RUNTIME = YES;
				ENABLE_PREVIEWS = YES;
				GENERATE_INFOPLIST_FILE = YES;
				"INFOPLIST_KEY_UIApplicationSceneManifest_Generation[sdk=iphoneos*]" = YES;
				"INFOPLIST_KEY_UIApplicationSceneManifest_Generation[sdk=iphonesimulator*]" = YES;
				"INFOPLIST_KEY_UIApplicationSupportsIndirectInputEvents[sdk=iphoneos*]" = YES;
				"INFOPLIST_KEY_UIApplicationSupportsIndirectInputEvents[sdk=iphonesimulator*]" = YES;
				"INFOPLIST_KEY_UILaunchScreen_Generation[sdk=iphoneos*]" = YES;
				"INFOPLIST_KEY_UILaunchScreen_Generation[sdk=iphonesimulator*]" = YES;
				"INFOPLIST_KEY_UIStatusBarStyle[sdk=iphoneos*]" = UIStatusBarStyleDefault;
				"INFOPLIST_KEY_UIStatusBarStyle[sdk=iphonesimulator*]" = UIStatusBarStyleDefault;
				INFOPLIST_KEY_UISupportedInterfaceOrientations_iPad = "UIInterfaceOrientationPortrait UIInterfaceOrientationPortraitUpsideDown UIInterfaceOrientationLandscapeLeft UIInterfaceOrientationLandscapeRight";
				INFOPLIST_KEY_UISupportedInterfaceOrientations_iPhone = "UIInterfaceOrientationPortrait UIInterfaceOrientationLandscapeLeft UIInterfaceOrientationLandscapeRight";
				IPHONEOS_DEPLOYMENT_TARGET = 16.2;
				LD_RUNPATH_SEARCH_PATHS = "@executable_path/Frameworks";
				"LD_RUNPATH_SEARCH_PATHS[sdk=macosx*]" = "@executable_path/../Frameworks";
				MACOSX_DEPLOYMENT_TARGET = 13.1;
				MARKETING_VERSION = 1.0;
				PRODUCT_BUNDLE_IDENTIFIER = com.besh.pyogi.FruitsSUI;
				PRODUCT_NAME = "$(TARGET_NAME)";
				SDKROOT = auto;
				SUPPORTED_PLATFORMS = "iphoneos iphonesimulator macosx";
				SWIFT_EMIT_LOC_STRINGS = YES;
				SWIFT_VERSION = 5.0;
				TARGETED_DEVICE_FAMILY = "1,2";
			};
			name = Release;
		};
/* End XCBuildConfiguration section */

/* Begin XCConfigurationList section */
		96946DBC29A8EDB500C09FEB /* Build configuration list for PBXProject "FruitsSUI" */ = {
			isa = XCConfigurationList;
			buildConfigurations = (
				96946DCE29A8EDB800C09FEB /* Debug */,
				96946DCF29A8EDB800C09FEB /* Release */,
			);
			defaultConfigurationIsVisible = 0;
			defaultConfigurationName = Release;
		};
		96946DD029A8EDB800C09FEB /* Build configuration list for PBXNativeTarget "FruitsSUI" */ = {
			isa = XCConfigurationList;
			buildConfigurations = (
				96946DD129A8EDB800C09FEB /* Debug */,
				96946DD229A8EDB800C09FEB /* Release */,
			);
			defaultConfigurationIsVisible = 0;
			defaultConfigurationName = Release;
		};
/* End XCConfigurationList section */
	};
	rootObject = 96946DB929A8EDB500C09FEB /* Project object */;
}
